// !$*UTF8*$!
{
	archiveVersion = 1;
	classes = {
	};
	objectVersion = 46;
	objects = {

/* Begin PBXBuildFile section */
		AB187CA71C4B391D0026045D /* main.m in Sources */ = {isa = PBXBuildFile; fileRef = AB187CA61C4B391D0026045D /* main.m */; };
		AB187CAF1C4B42470026045D /* Dice.m in Sources */ = {isa = PBXBuildFile; fileRef = AB187CAE1C4B42470026045D /* Dice.m */; };
		AB187CB21C4B58C30026045D /* InputCollector.m in Sources */ = {isa = PBXBuildFile; fileRef = AB187CB11C4B58C30026045D /* InputCollector.m */; };
		AB187CB51C4B5DA80026045D /* GameController.m in Sources */ = {isa = PBXBuildFile; fileRef = AB187CB41C4B5DA80026045D /* GameController.m */; };
/* End PBXBuildFile section */

/* Begin PBXCopyFilesBuildPhase section */
		AB187CA11C4B391D0026045D /* CopyFiles */ = {
			isa = PBXCopyFilesBuildPhase;
			buildActionMask = 2147483647;
			dstPath = /usr/share/man/man1/;
			dstSubfolderSpec = 0;
			files = (
			);
			runOnlyForDeploymentPostprocessing = 1;
		};
/* End PBXCopyFilesBuildPhase section */

/* Begin PBXFileReference section */
		AB187CA31C4B391D0026045D /* ThreeLowSaturday */ = {isa = PBXFileReference; explicitFileType = "compiled.mach-o.executable"; includeInIndex = 0; path = ThreeLowSaturday; sourceTree = BUILT_PRODUCTS_DIR; };
		AB187CA61C4B391D0026045D /* main.m */ = {isa = PBXFileReference; lastKnownFileType = sourcecode.c.objc; path = main.m; sourceTree = "<group>"; };
		AB187CAD1C4B42470026045D /* Dice.h */ = {isa = PBXFileReference; fileEncoding = 4; lastKnownFileType = sourcecode.c.h; name = Dice.h; path = ../Dice.h; sourceTree = "<group>"; };
		AB187CAE1C4B42470026045D /* Dice.m */ = {isa = PBXFileReference; fileEncoding = 4; lastKnownFileType = sourcecode.c.objc; name = Dice.m; path = ../Dice.m; sourceTree = "<group>"; };
		AB187CB01C4B58C30026045D /* InputCollector.h */ = {isa = PBXFileReference; fileEncoding = 4; lastKnownFileType = sourcecode.c.h; path = InputCollector.h; sourceTree = "<group>"; };
		AB187CB11C4B58C30026045D /* InputCollector.m */ = {isa = PBXFileReference; fileEncoding = 4; lastKnownFileType = sourcecode.c.objc; path = InputCollector.m; sourceTree = "<group>"; };
		AB187CB31C4B5DA80026045D /* GameController.h */ = {isa = PBXFileReference; fileEncoding = 4; lastKnownFileType = sourcecode.c.h; path = GameController.h; sourceTree = "<group>"; };
		AB187CB41C4B5DA80026045D /* GameController.m */ = {isa = PBXFileReference; fileEncoding = 4; lastKnownFileType = sourcecode.c.objc; path = GameController.m; sourceTree = "<group>"; };
/* End PBXFileReference section */

/* Begin PBXFrameworksBuildPhase section */
		AB187CA01C4B391D0026045D /* Frameworks */ = {
			isa = PBXFrameworksBuildPhase;
			buildActionMask = 2147483647;
			files = (
			);
			runOnlyForDeploymentPostprocessing = 0;
		};
/* End PBXFrameworksBuildPhase section */

/* Begin PBXGroup section */
		AB187C9A1C4B391D0026045D = {
			isa = PBXGroup;
			children = (
				AB187CA51C4B391D0026045D /* ThreeLowSaturday */,
				AB187CA41C4B391D0026045D /* Products */,
			);
			sourceTree = "<group>";
		};
		AB187CA41C4B391D0026045D /* Products */ = {
			isa = PBXGroup;
			children = (
				AB187CA31C4B391D0026045D /* ThreeLowSaturday */,
			);
			name = Products;
			sourceTree = "<group>";
		};
		AB187CA51C4B391D0026045D /* ThreeLowSaturday */ = {
			isa = PBXGroup;
			children = (
				AB187CA61C4B391D0026045D /* main.m */,
				AB187CAD1C4B42470026045D /* Dice.h */,
				AB187CAE1C4B42470026045D /* Dice.m */,
				AB187CB01C4B58C30026045D /* InputCollector.h */,
				AB187CB11C4B58C30026045D /* InputCollector.m */,
				AB187CB31C4B5DA80026045D /* GameController.h */,
				AB187CB41C4B5DA80026045D /* GameController.m */,
			);
			path = ThreeLowSaturday;
			sourceTree = "<group>";
		};
/* End PBXGroup section */

/* Begin PBXNativeTarget section */
		AB187CA21C4B391D0026045D /* ThreeLowSaturday */ = {
			isa = PBXNativeTarget;
			buildConfigurationList = AB187CAA1C4B391D0026045D /* Build configuration list for PBXNativeTarget "ThreeLowSaturday" */;
			buildPhases = (
				AB187C9F1C4B391D0026045D /* Sources */,
				AB187CA01C4B391D0026045D /* Frameworks */,
				AB187CA11C4B391D0026045D /* CopyFiles */,
			);
			buildRules = (
			);
			dependencies = (
			);
			name = ThreeLowSaturday;
			productName = ThreeLowSaturday;
			productReference = AB187CA31C4B391D0026045D /* ThreeLowSaturday */;
			productType = "com.apple.product-type.tool";
		};
/* End PBXNativeTarget section */

/* Begin PBXProject section */
		AB187C9B1C4B391D0026045D /* Project object */ = {
			isa = PBXProject;
			attributes = {
				LastUpgradeCheck = 0720;
				ORGANIZATIONNAME = "Kerry Toonen";
				TargetAttributes = {
					AB187CA21C4B391D0026045D = {
						CreatedOnToolsVersion = 7.2;
					};
				};
			};
			buildConfigurationList = AB187C9E1C4B391D0026045D /* Build configuration list for PBXProject "ThreeLowSaturday" */;
			compatibilityVersion = "Xcode 3.2";
			developmentRegion = English;
			hasScannedForEncodings = 0;
			knownRegions = (
				en,
			);
			mainGroup = AB187C9A1C4B391D0026045D;
			productRefGroup = AB187CA41C4B391D0026045D /* Products */;
			projectDirPath = "";
			projectRoot = "";
			targets = (
				AB187CA21C4B391D0026045D /* ThreeLowSaturday */,
			);
		};
/* End PBXProject section */

/* Begin PBXSourcesBuildPhase section */
		AB187C9F1C4B391D0026045D /* Sources */ = {
			isa = PBXSourcesBuildPhase;
			buildActionMask = 2147483647;
			files = (
				AB187CB21C4B58C30026045D /* InputCollector.m in Sources */,
				AB187CB51C4B5DA80026045D /* GameController.m in Sources */,
				AB187CAF1C4B42470026045D /* Dice.m in Sources */,
				AB187CA71C4B391D0026045D /* main.m in Sources */,
			);
			runOnlyForDeploymentPostprocessing = 0;
		};
/* End PBXSourcesBuildPhase section */

/* Begin XCBuildConfiguration section */
		AB187CA81C4B391D0026045D /* Debug */ = {
			isa = XCBuildConfiguration;
			buildSettings = {
				ALWAYS_SEARCH_USER_PATHS = NO;
				CLANG_CXX_LANGUAGE_STANDARD = "gnu++0x";
				CLANG_CXX_LIBRARY = "libc++";
				CLANG_ENABLE_MODULES = YES;
				CLANG_ENABLE_OBJC_ARC = YES;
				CLANG_WARN_BOOL_CONVERSION = YES;
				CLANG_WARN_CONSTANT_CONVERSION = YES;
				CLANG_WARN_DIRECT_OBJC_ISA_USAGE = YES_ERROR;
				CLANG_WARN_EMPTY_BODY = YES;
				CLANG_WARN_ENUM_CONVERSION = YES;
				CLANG_WARN_INT_CONVERSION = YES;
				CLANG_WARN_OBJC_ROOT_CLASS = YES_ERROR;
				CLANG_WARN_UNREACHABLE_CODE = YES;
				CLANG_WARN__DUPLICATE_METHOD_MATCH = YES;
				CODE_SIGN_IDENTITY = "-";
				COPY_PHASE_STRIP = NO;
				DEBUG_INFORMATION_FORMAT = dwarf;
				ENABLE_STRICT_OBJC_MSGSEND = YES;
				ENABLE_TESTABILITY = YES;
				GCC_C_LANGUAGE_STANDARD = gnu99;
				GCC_DYNAMIC_NO_PIC = NO;
				GCC_NO_COMMON_BLOCKS = YES;
				GCC_OPTIMIZATION_LEVEL = 0;
				GCC_PREPROCESSOR_DEFINITIONS = (
					"DEBUG=1",
					"$(inherited)",
				);
				GCC_WARN_64_TO_32_BIT_CONVERSION = YES;
				GCC_WARN_ABOUT_RETURN_TYPE = YES_ERROR;
				GCC_WARN_UNDECLARED_SELECTOR = YES;
				GCC_WARN_UNINITIALIZED_AUTOS = YES_AGGRESSIVE;
				GCC_WARN_UNUSED_FUNCTION = YES;
				GCC_WARN_UNUSED_VARIABLE = YES;
				MACOSX_DEPLOYMENT_TARGET = 10.11;
				MTL_ENABLE_DEBUG_INFO = YES;
				ONLY_ACTIVE_ARCH = YES;
				SDKROOT = macosx;
			};
			name = Debug;
		};
		AB187CA91C4B391D0026045D /* Release */ = {
			isa = XCBuildConfiguration;
			buildSettings = {
				ALWAYS_SEARCH_USER_PATHS = NO;
				CLANG_CXX_LANGUAGE_STANDARD = "gnu++0x";
				CLANG_CXX_LIBRARY = "libc++";
				CLANG_ENABLE_MODULES = YES;
				CLANG_ENABLE_OBJC_ARC = YES;
				CLANG_WARN_BOOL_CONVERSION = YES;
				CLANG_WARN_CONSTANT_CONVERSION = YES;
				CLANG_WARN_DIRECT_OBJC_ISA_USAGE = YES_ERROR;
				CLANG_WARN_EMPTY_BODY = YES;
				CLANG_WARN_ENUM_CONVERSION = YES;
				CLANG_WARN_INT_CONVERSION = YES;
				CLANG_WARN_OBJC_ROOT_CLASS = YES_ERROR;
				CLANG_WARN_UNREACHABLE_CODE = YES;
				CLANG_WARN__DUPLICATE_METHOD_MATCH = YES;
				CODE_SIGN_IDENTITY = "-";
				COPY_PHASE_STRIP = NO;
				DEBUG_INFORMATION_FORMAT = "dwarf-with-dsym";
				ENABLE_NS_ASSERTIONS = NO;
				ENABLE_STRICT_OBJC_MSGSEND = YES;
				GCC_C_LANGUAGE_STANDARD = gnu99;
				GCC_NO_COMMON_BLOCKS = YES;
				GCC_WARN_64_TO_32_BIT_CONVERSION = YES;
				GCC_WARN_ABOUT_RETURN_TYPE = YES_ERROR;
				GCC_WARN_UNDECLARED_SELECTOR = YES;
				GCC_WARN_UNINITIALIZED_AUTOS = YES_AGGRESSIVE;
				GCC_WARN_UNUSED_FUNCTION = YES;
				GCC_WARN_UNUSED_VARIABLE = YES;
				MACOSX_DEPLOYMENT_TARGET = 10.11;
				MTL_ENABLE_DEBUG_INFO = NO;
				SDKROOT = macosx;
			};
			name = Release;
		};
		AB187CAB1C4B391D0026045D /* Debug */ = {
			isa = XCBuildConfiguration;
			buildSettings = {
				PRODUCT_NAME = "$(TARGET_NAME)";
			};
			name = Debug;
		};
		AB187CAC1C4B391D0026045D /* Release */ = {
			isa = XCBuildConfiguration;
			buildSettings = {
				PRODUCT_NAME = "$(TARGET_NAME)";
			};
			name = Release;
		};
/* End XCBuildConfiguration section */

/* Begin XCConfigurationList section */
		AB187C9E1C4B391D0026045D /* Build configuration list for PBXProject "ThreeLowSaturday" */ = {
			isa = XCConfigurationList;
			buildConfigurations = (
				AB187CA81C4B391D0026045D /* Debug */,
				AB187CA91C4B391D0026045D /* Release */,
			);
			defaultConfigurationIsVisible = 0;
			defaultConfigurationName = Release;
		};
		AB187CAA1C4B391D0026045D /* Build configuration list for PBXNativeTarget "ThreeLowSaturday" */ = {
			isa = XCConfigurationList;
			buildConfigurations = (
				AB187CAB1C4B391D0026045D /* Debug */,
				AB187CAC1C4B391D0026045D /* Release */,
			);
			defaultConfigurationIsVisible = 0;
		};
/* End XCConfigurationList section */
	};
	rootObject = AB187C9B1C4B391D0026045D /* Project object */;
}
